// !$*UTF8*$!
{
	archiveVersion = 1;
	classes = {
	};
	objectVersion = 52;
	objects = {

/* Begin PBXBuildFile section */
		AC398E5D2B131EFC00555BA2 /* Account.swift in Sources */ = {isa = PBXBuildFile; fileRef = AC398E5C2B131EFC00555BA2 /* Account.swift */; };
		AC398E5F2B13215000555BA2 /* Translactionable.swift in Sources */ = {isa = PBXBuildFile; fileRef = AC398E5E2B13215000555BA2 /* Translactionable.swift */; };
		AC398E612B13218000555BA2 /* Nft.swift in Sources */ = {isa = PBXBuildFile; fileRef = AC398E602B13218000555BA2 /* Nft.swift */; };
		AC398E632B1321BF00555BA2 /* Tag.swift in Sources */ = {isa = PBXBuildFile; fileRef = AC398E622B1321BF00555BA2 /* Tag.swift */; };
		AC398E652B13224800555BA2 /* Challenge.swift in Sources */ = {isa = PBXBuildFile; fileRef = AC398E642B13224800555BA2 /* Challenge.swift */; };
		AC5CBAC92B1338BA008CF7B0 /* BackendService.swift in Sources */ = {isa = PBXBuildFile; fileRef = AC5CBAC82B1338BA008CF7B0 /* BackendService.swift */; };
		B447F8BA2B12805300B62010 /* LocationService.swift in Sources */ = {isa = PBXBuildFile; fileRef = B447F8B92B12805300B62010 /* LocationService.swift */; };
		B447F8BE2B128D0E00B62010 /* Alata-Regular.ttf in Resources */ = {isa = PBXBuildFile; fileRef = B447F8BD2B128D0E00B62010 /* Alata-Regular.ttf */; };
		B447F8C42B12968100B62010 /* Khula-Light.ttf in Resources */ = {isa = PBXBuildFile; fileRef = B447F8BF2B12968100B62010 /* Khula-Light.ttf */; };
		B447F8C52B12968100B62010 /* Khula-Regular.ttf in Resources */ = {isa = PBXBuildFile; fileRef = B447F8C02B12968100B62010 /* Khula-Regular.ttf */; };
		B447F8C62B12968100B62010 /* Khula-SemiBold.ttf in Resources */ = {isa = PBXBuildFile; fileRef = B447F8C12B12968100B62010 /* Khula-SemiBold.ttf */; };
		B447F8C72B12968100B62010 /* Khula-ExtraBold.ttf in Resources */ = {isa = PBXBuildFile; fileRef = B447F8C22B12968100B62010 /* Khula-ExtraBold.ttf */; };
		B447F8C82B12968100B62010 /* Khula-Bold.ttf in Resources */ = {isa = PBXBuildFile; fileRef = B447F8C32B12968100B62010 /* Khula-Bold.ttf */; };
		B928002D6C1116337815165F /* clientAppApp.swift in Sources */ = {isa = PBXBuildFile; fileRef = B9280136E2681A2DEF4B1F8B /* clientAppApp.swift */; };
		B92800EB6C85586D48065928 /* PickUpGarbageView.swift in Sources */ = {isa = PBXBuildFile; fileRef = B9280D553FE2A6B0D4CCDEBF /* PickUpGarbageView.swift */; };
		B92801DCF7169EA3D681388C /* NftAsset.swift in Sources */ = {isa = PBXBuildFile; fileRef = B9280D1D1916ADC5BAEDEFF3 /* NftAsset.swift */; };
		B9280245EF53C17A8BE2B69B /* Preview Assets.xcassets in Resources */ = {isa = PBXBuildFile; fileRef = B92807D9F1DFC91FC4107473 /* Preview Assets.xcassets */; };
		B92802DDFB27742A2DBD1124 /* HeaderView.swift in Sources */ = {isa = PBXBuildFile; fileRef = B92802C1DA3611136D2D5A6C /* HeaderView.swift */; };
		B92803F51272F83B70EDA8B9 /* RouterView.swift in Sources */ = {isa = PBXBuildFile; fileRef = B9280A3367B2E62E8B7D6451 /* RouterView.swift */; };
		B92803FFF3AD696D7783D3BF /* TrashListView.swift in Sources */ = {isa = PBXBuildFile; fileRef = B928028038DB054A36234405 /* TrashListView.swift */; };
		B928045C9E340B4630E834D4 /* Place.swift in Sources */ = {isa = PBXBuildFile; fileRef = B92800CE2887044763913A0A /* Place.swift */; };
		B92804B062B0C1FBA02844A0 /* AppState.swift in Sources */ = {isa = PBXBuildFile; fileRef = B9280933602425E59B195E32 /* AppState.swift */; };
		B928060E5155EDF13D5F1962 /* TabBarView.swift in Sources */ = {isa = PBXBuildFile; fileRef = B92808471353A0E40839971F /* TabBarView.swift */; };
		B928067C69B44EA1ECEEDE43 /* OnboardingData.swift in Sources */ = {isa = PBXBuildFile; fileRef = B92807FEC341D34AF57C69AA /* OnboardingData.swift */; };
		B92806C0BA507BEC87094404 /* ImagePickingView.swift in Sources */ = {isa = PBXBuildFile; fileRef = B92804CF6E5B03DEBFF8BBF3 /* ImagePickingView.swift */; };
		B9280702288E030A226F756F /* AuthService.swift in Sources */ = {isa = PBXBuildFile; fileRef = B92807D041F4DB1B078ABF52 /* AuthService.swift */; };
		B92807FD2A5B5EFF3BA3E10F /* Router.swift in Sources */ = {isa = PBXBuildFile; fileRef = B9280996E484DBB4A94F5AF4 /* Router.swift */; };
		B928091906FE8819DE3A9DEB /* Assets.xcassets in Resources */ = {isa = PBXBuildFile; fileRef = B92803A0C4D38EE9CEFD1816 /* Assets.xcassets */; };
		B9280A7A680695B51AFC4527 /* NftCollectionView.swift in Sources */ = {isa = PBXBuildFile; fileRef = B92803493A48B451F9EC5729 /* NftCollectionView.swift */; };
		B9280ACD5A8D9415E3D02911 /* Colors.swift in Sources */ = {isa = PBXBuildFile; fileRef = B9280EE8AF43D31AA6AF9925 /* Colors.swift */; };
		B9280B2B6F3DE2B8A7277801 /* PickUpCompleteView.swift in Sources */ = {isa = PBXBuildFile; fileRef = B9280C0A1ED174034AFDA662 /* PickUpCompleteView.swift */; };
		B9280B30B8D2949BA11B4D47 /* TrashListItem.swift in Sources */ = {isa = PBXBuildFile; fileRef = B928054288436FF0CF625D4E /* TrashListItem.swift */; };
		B9280B5D16BAE7CFDDCDFFDA /* MapView.swift in Sources */ = {isa = PBXBuildFile; fileRef = B92802D1C43B531F4D993DE2 /* MapView.swift */; };
		B9280CA96C6D75AE0769FB50 /* Fonts.swift in Sources */ = {isa = PBXBuildFile; fileRef = B92801D2765D2ADADC09AB50 /* Fonts.swift */; };
		B9280CC5BD04F2D043F7EC23 /* UserDefaults.swift in Sources */ = {isa = PBXBuildFile; fileRef = B9280250ED6A531E8AE7234F /* UserDefaults.swift */; };
		B9280D3CF23B0B537A96CF71 /* CreateGarbageTagView.swift in Sources */ = {isa = PBXBuildFile; fileRef = B9280A6AE0669B825B36A3EF /* CreateGarbageTagView.swift */; };
		B9280D755092347F8E00E991 /* ChartsView.swift in Sources */ = {isa = PBXBuildFile; fileRef = B9280C16B8D8E56AEB31E06C /* ChartsView.swift */; };
		B9280D94206EA75615751E00 /* DonationView.swift in Sources */ = {isa = PBXBuildFile; fileRef = B9280914A7EC45A0026A12D2 /* DonationView.swift */; };
		B9280DB2E4F595E5D5286095 /* MainView.swift in Sources */ = {isa = PBXBuildFile; fileRef = B92801E688C614FD2722D2D1 /* MainView.swift */; };
		B9280E318837F2729CA791B4 /* GarbageDetails.swift in Sources */ = {isa = PBXBuildFile; fileRef = B9280A2488116BFB1DBB9AA7 /* GarbageDetails.swift */; };
		B9280EF949DFC42D6C940BF6 /* OnboardingView.swift in Sources */ = {isa = PBXBuildFile; fileRef = B92802539056A15A1F717818 /* OnboardingView.swift */; };
		B9280F524033A56CDA4E5294 /* LoginView.swift in Sources */ = {isa = PBXBuildFile; fileRef = B928082E2694C2422ACA3F9D /* LoginView.swift */; };
		B9280FAEF19072C529DA2A79 /* ProfileView.swift in Sources */ = {isa = PBXBuildFile; fileRef = B9280A7146370E459B3FEB02 /* ProfileView.swift */; };
		C92DD0CA2B1283BF002C242B /* SwiftUICharts in Frameworks */ = {isa = PBXBuildFile; productRef = C92DD0C92B1283BF002C242B /* SwiftUICharts */; };
		C93888702B11EC0600297C7B /* GoogleSignIn in Frameworks */ = {isa = PBXBuildFile; productRef = C938886F2B11EC0600297C7B /* GoogleSignIn */; };
		C93888722B11EC0600297C7B /* GoogleSignInSwift in Frameworks */ = {isa = PBXBuildFile; productRef = C93888712B11EC0600297C7B /* GoogleSignInSwift */; };
		C9C7DD032B134139005ADC34 /* TrashListDetails.swift in Sources */ = {isa = PBXBuildFile; fileRef = C9C7DD022B134139005ADC34 /* TrashListDetails.swift */; };
		C9DE57EF2B12B6F400D17198 /* BalanceAmountView.swift in Sources */ = {isa = PBXBuildFile; fileRef = C9DE57EE2B12B6F400D17198 /* BalanceAmountView.swift */; };
		C9DE57F12B12B74200D17198 /* BalanceModel.swift in Sources */ = {isa = PBXBuildFile; fileRef = C9DE57F02B12B74200D17198 /* BalanceModel.swift */; };
/* End PBXBuildFile section */

/* Begin PBXFileReference section */
		AC398E5C2B131EFC00555BA2 /* Account.swift */ = {isa = PBXFileReference; lastKnownFileType = sourcecode.swift; path = Account.swift; sourceTree = "<group>"; };
		AC398E5E2B13215000555BA2 /* Translactionable.swift */ = {isa = PBXFileReference; lastKnownFileType = sourcecode.swift; path = Translactionable.swift; sourceTree = "<group>"; };
		AC398E602B13218000555BA2 /* Nft.swift */ = {isa = PBXFileReference; lastKnownFileType = sourcecode.swift; path = Nft.swift; sourceTree = "<group>"; };
		AC398E622B1321BF00555BA2 /* Tag.swift */ = {isa = PBXFileReference; lastKnownFileType = sourcecode.swift; path = Tag.swift; sourceTree = "<group>"; };
		AC398E642B13224800555BA2 /* Challenge.swift */ = {isa = PBXFileReference; lastKnownFileType = sourcecode.swift; path = Challenge.swift; sourceTree = "<group>"; };
		AC5CBAC82B1338BA008CF7B0 /* BackendService.swift */ = {isa = PBXFileReference; lastKnownFileType = sourcecode.swift; path = BackendService.swift; sourceTree = "<group>"; };
		B447F8B92B12805300B62010 /* LocationService.swift */ = {isa = PBXFileReference; lastKnownFileType = sourcecode.swift; path = LocationService.swift; sourceTree = "<group>"; };
		B447F8BD2B128D0E00B62010 /* Alata-Regular.ttf */ = {isa = PBXFileReference; lastKnownFileType = file; path = "Alata-Regular.ttf"; sourceTree = "<group>"; };
		B447F8BF2B12968100B62010 /* Khula-Light.ttf */ = {isa = PBXFileReference; lastKnownFileType = file; path = "Khula-Light.ttf"; sourceTree = "<group>"; };
		B447F8C02B12968100B62010 /* Khula-Regular.ttf */ = {isa = PBXFileReference; lastKnownFileType = file; path = "Khula-Regular.ttf"; sourceTree = "<group>"; };
		B447F8C12B12968100B62010 /* Khula-SemiBold.ttf */ = {isa = PBXFileReference; lastKnownFileType = file; path = "Khula-SemiBold.ttf"; sourceTree = "<group>"; };
		B447F8C22B12968100B62010 /* Khula-ExtraBold.ttf */ = {isa = PBXFileReference; lastKnownFileType = file; path = "Khula-ExtraBold.ttf"; sourceTree = "<group>"; };
		B447F8C32B12968100B62010 /* Khula-Bold.ttf */ = {isa = PBXFileReference; lastKnownFileType = file; path = "Khula-Bold.ttf"; sourceTree = "<group>"; };
		B928006F3840A08F16E994EC /* clientApp.app */ = {isa = PBXFileReference; explicitFileType = wrapper.application; includeInIndex = 0; path = clientApp.app; sourceTree = BUILT_PRODUCTS_DIR; };
		B92800CE2887044763913A0A /* Place.swift */ = {isa = PBXFileReference; fileEncoding = 4; lastKnownFileType = sourcecode.swift; path = Place.swift; sourceTree = "<group>"; };
		B9280136E2681A2DEF4B1F8B /* clientAppApp.swift */ = {isa = PBXFileReference; lastKnownFileType = sourcecode.swift; path = clientAppApp.swift; sourceTree = "<group>"; };
		B92801D2765D2ADADC09AB50 /* Fonts.swift */ = {isa = PBXFileReference; fileEncoding = 4; lastKnownFileType = sourcecode.swift; path = Fonts.swift; sourceTree = "<group>"; };
		B92801E688C614FD2722D2D1 /* MainView.swift */ = {isa = PBXFileReference; fileEncoding = 4; lastKnownFileType = sourcecode.swift; path = MainView.swift; sourceTree = "<group>"; };
		B9280250ED6A531E8AE7234F /* UserDefaults.swift */ = {isa = PBXFileReference; fileEncoding = 4; lastKnownFileType = sourcecode.swift; path = UserDefaults.swift; sourceTree = "<group>"; };
		B92802539056A15A1F717818 /* OnboardingView.swift */ = {isa = PBXFileReference; fileEncoding = 4; lastKnownFileType = sourcecode.swift; path = OnboardingView.swift; sourceTree = "<group>"; };
		B928028038DB054A36234405 /* TrashListView.swift */ = {isa = PBXFileReference; fileEncoding = 4; lastKnownFileType = sourcecode.swift; path = TrashListView.swift; sourceTree = "<group>"; };
		B92802C1DA3611136D2D5A6C /* HeaderView.swift */ = {isa = PBXFileReference; fileEncoding = 4; lastKnownFileType = sourcecode.swift; path = HeaderView.swift; sourceTree = "<group>"; };
		B92802D1C43B531F4D993DE2 /* MapView.swift */ = {isa = PBXFileReference; fileEncoding = 4; lastKnownFileType = sourcecode.swift; path = MapView.swift; sourceTree = "<group>"; };
		B92803493A48B451F9EC5729 /* NftCollectionView.swift */ = {isa = PBXFileReference; fileEncoding = 4; lastKnownFileType = sourcecode.swift; path = NftCollectionView.swift; sourceTree = "<group>"; };
		B92803A0C4D38EE9CEFD1816 /* Assets.xcassets */ = {isa = PBXFileReference; lastKnownFileType = folder.assetcatalog; path = Assets.xcassets; sourceTree = "<group>"; };
		B92804CF6E5B03DEBFF8BBF3 /* ImagePickingView.swift */ = {isa = PBXFileReference; fileEncoding = 4; lastKnownFileType = sourcecode.swift; path = ImagePickingView.swift; sourceTree = "<group>"; };
		B928054288436FF0CF625D4E /* TrashListItem.swift */ = {isa = PBXFileReference; fileEncoding = 4; lastKnownFileType = sourcecode.swift; path = TrashListItem.swift; sourceTree = "<group>"; };
		B92807D041F4DB1B078ABF52 /* AuthService.swift */ = {isa = PBXFileReference; fileEncoding = 4; lastKnownFileType = sourcecode.swift; path = AuthService.swift; sourceTree = "<group>"; };
		B92807D9F1DFC91FC4107473 /* Preview Assets.xcassets */ = {isa = PBXFileReference; lastKnownFileType = folder.assetcatalog; path = "Preview Assets.xcassets"; sourceTree = "<group>"; };
		B92807FEC341D34AF57C69AA /* OnboardingData.swift */ = {isa = PBXFileReference; fileEncoding = 4; lastKnownFileType = sourcecode.swift; path = OnboardingData.swift; sourceTree = "<group>"; };
		B928082E2694C2422ACA3F9D /* LoginView.swift */ = {isa = PBXFileReference; fileEncoding = 4; lastKnownFileType = sourcecode.swift; path = LoginView.swift; sourceTree = "<group>"; };
		B92808471353A0E40839971F /* TabBarView.swift */ = {isa = PBXFileReference; fileEncoding = 4; lastKnownFileType = sourcecode.swift; path = TabBarView.swift; sourceTree = "<group>"; };
		B9280914A7EC45A0026A12D2 /* DonationView.swift */ = {isa = PBXFileReference; fileEncoding = 4; lastKnownFileType = sourcecode.swift; path = DonationView.swift; sourceTree = "<group>"; };
		B9280933602425E59B195E32 /* AppState.swift */ = {isa = PBXFileReference; fileEncoding = 4; lastKnownFileType = sourcecode.swift; path = AppState.swift; sourceTree = "<group>"; };
		B9280996E484DBB4A94F5AF4 /* Router.swift */ = {isa = PBXFileReference; fileEncoding = 4; lastKnownFileType = sourcecode.swift; path = Router.swift; sourceTree = "<group>"; };
		B9280A2488116BFB1DBB9AA7 /* GarbageDetails.swift */ = {isa = PBXFileReference; fileEncoding = 4; lastKnownFileType = sourcecode.swift; path = GarbageDetails.swift; sourceTree = "<group>"; };
		B9280A3367B2E62E8B7D6451 /* RouterView.swift */ = {isa = PBXFileReference; fileEncoding = 4; lastKnownFileType = sourcecode.swift; path = RouterView.swift; sourceTree = "<group>"; };
		B9280A6AE0669B825B36A3EF /* CreateGarbageTagView.swift */ = {isa = PBXFileReference; fileEncoding = 4; lastKnownFileType = sourcecode.swift; path = CreateGarbageTagView.swift; sourceTree = "<group>"; };
		B9280A7146370E459B3FEB02 /* ProfileView.swift */ = {isa = PBXFileReference; fileEncoding = 4; lastKnownFileType = sourcecode.swift; name = ProfileView.swift; path = ../UserProfileFlow/ProfileView.swift; sourceTree = "<group>"; };
		B9280C0A1ED174034AFDA662 /* PickUpCompleteView.swift */ = {isa = PBXFileReference; fileEncoding = 4; lastKnownFileType = sourcecode.swift; path = PickUpCompleteView.swift; sourceTree = "<group>"; };
		B9280C16B8D8E56AEB31E06C /* ChartsView.swift */ = {isa = PBXFileReference; fileEncoding = 4; lastKnownFileType = sourcecode.swift; path = ChartsView.swift; sourceTree = "<group>"; };
		B9280D1D1916ADC5BAEDEFF3 /* NftAsset.swift */ = {isa = PBXFileReference; fileEncoding = 4; lastKnownFileType = sourcecode.swift; path = NftAsset.swift; sourceTree = "<group>"; };
		B9280D553FE2A6B0D4CCDEBF /* PickUpGarbageView.swift */ = {isa = PBXFileReference; fileEncoding = 4; lastKnownFileType = sourcecode.swift; path = PickUpGarbageView.swift; sourceTree = "<group>"; };
		B9280EE8AF43D31AA6AF9925 /* Colors.swift */ = {isa = PBXFileReference; fileEncoding = 4; lastKnownFileType = sourcecode.swift; path = Colors.swift; sourceTree = "<group>"; };
		C938886D2B11EBC600297C7B /* Info.plist */ = {isa = PBXFileReference; lastKnownFileType = text.plist; path = Info.plist; sourceTree = "<group>"; };
		C9C7DD022B134139005ADC34 /* TrashListDetails.swift */ = {isa = PBXFileReference; lastKnownFileType = sourcecode.swift; path = TrashListDetails.swift; sourceTree = "<group>"; };
		C9DE57EE2B12B6F400D17198 /* BalanceAmountView.swift */ = {isa = PBXFileReference; lastKnownFileType = sourcecode.swift; path = BalanceAmountView.swift; sourceTree = "<group>"; };
		C9DE57F02B12B74200D17198 /* BalanceModel.swift */ = {isa = PBXFileReference; lastKnownFileType = sourcecode.swift; path = BalanceModel.swift; sourceTree = "<group>"; };
/* End PBXFileReference section */

/* Begin PBXFrameworksBuildPhase section */
		B928089EC2153B138E1C16F5 /* Frameworks */ = {
			isa = PBXFrameworksBuildPhase;
			buildActionMask = 2147483647;
			files = (
				C92DD0CA2B1283BF002C242B /* SwiftUICharts in Frameworks */,
				C93888702B11EC0600297C7B /* GoogleSignIn in Frameworks */,
				C93888722B11EC0600297C7B /* GoogleSignInSwift in Frameworks */,
			);
			runOnlyForDeploymentPostprocessing = 0;
		};
/* End PBXFrameworksBuildPhase section */

/* Begin PBXGroup section */
		AC5CBACA2B135601008CF7B0 /* Utils */ = {
			isa = PBXGroup;
			children = (
			);
			path = Utils;
			sourceTree = "<group>";
		};
		B447F8BC2B128D0000B62010 /* Resources */ = {
			isa = PBXGroup;
			children = (
				B447F8C32B12968100B62010 /* Khula-Bold.ttf */,
				B447F8C22B12968100B62010 /* Khula-ExtraBold.ttf */,
				B447F8BF2B12968100B62010 /* Khula-Light.ttf */,
				B447F8C02B12968100B62010 /* Khula-Regular.ttf */,
				B447F8C12B12968100B62010 /* Khula-SemiBold.ttf */,
				B447F8BD2B128D0E00B62010 /* Alata-Regular.ttf */,
			);
			path = Resources;
			sourceTree = "<group>";
		};
		B92800737F0E276FCE6AA193 /* Products */ = {
			isa = PBXGroup;
			children = (
				B928006F3840A08F16E994EC /* clientApp.app */,
			);
			name = Products;
			sourceTree = "<group>";
		};
		B9280160AB43B27AA78D0DBD /* UserStory */ = {
			isa = PBXGroup;
			children = (
				AC5CBACA2B135601008CF7B0 /* Utils */,
				B9280A8F2A7D855FFA8E97D4 /* CleanUpFlow */,
				B9280531D18AD3F815A6E975 /* StartFlow */,
				B92802AAC2A2B6B63B3C09A2 /* MapTab */,
				B92801B4862E893B6C4FCB05 /* CommonUI */,
				B9280ABBBBB5481C5789F58A /* UserProfileFlow */,
				B928097C51A664C9DC6E7FFA /* NewGarbage */,
				B92805EF6CC1205D281F007E /* Router */,
				B9280B6199879ECA6821BFDB /* TrashListFlow */,
			);
			path = UserStory;
			sourceTree = "<group>";
		};
		B92801B4862E893B6C4FCB05 /* CommonUI */ = {
			isa = PBXGroup;
			children = (
				B92804CF6E5B03DEBFF8BBF3 /* ImagePickingView.swift */,
			);
			path = CommonUI;
			sourceTree = "<group>";
		};
		B92802AAC2A2B6B63B3C09A2 /* MapTab */ = {
			isa = PBXGroup;
			children = (
				B92802C1DA3611136D2D5A6C /* HeaderView.swift */,
				B92802D1C43B531F4D993DE2 /* MapView.swift */,
			);
			path = MapTab;
			sourceTree = "<group>";
		};
		B9280351845FBE6166A4A5BA /* clientApp */ = {
			isa = PBXGroup;
			children = (
				B447F8BC2B128D0000B62010 /* Resources */,
				C938886D2B11EBC600297C7B /* Info.plist */,
				B92803A0C4D38EE9CEFD1816 /* Assets.xcassets */,
				B9280A594BFB797528A054FB /* Preview Content */,
				B9280136E2681A2DEF4B1F8B /* clientAppApp.swift */,
				B9280160AB43B27AA78D0DBD /* UserStory */,
				B9280A7A4C0B30ACCEFA2FFB /* Services */,
				B9280BA1FB7B1519F8B7F4BC /* Models */,
			);
			path = clientApp;
			sourceTree = "<group>";
		};
		B9280531D18AD3F815A6E975 /* StartFlow */ = {
			isa = PBXGroup;
			children = (
				B92802539056A15A1F717818 /* OnboardingView.swift */,
				B928082E2694C2422ACA3F9D /* LoginView.swift */,
				B92801E688C614FD2722D2D1 /* MainView.swift */,
				B92808471353A0E40839971F /* TabBarView.swift */,
			);
			path = StartFlow;
			sourceTree = "<group>";
		};
		B92805EF6CC1205D281F007E /* Router */ = {
			isa = PBXGroup;
			children = (
				B9280A3367B2E62E8B7D6451 /* RouterView.swift */,
				B9280996E484DBB4A94F5AF4 /* Router.swift */,
			);
			path = Router;
			sourceTree = "<group>";
		};
		B9280978122487EA6E56E2C8 = {
			isa = PBXGroup;
			children = (
				B92800737F0E276FCE6AA193 /* Products */,
				B9280351845FBE6166A4A5BA /* clientApp */,
			);
			sourceTree = "<group>";
		};
		B928097C51A664C9DC6E7FFA /* NewGarbage */ = {
			isa = PBXGroup;
			children = (
				B9280A6AE0669B825B36A3EF /* CreateGarbageTagView.swift */,
				B9280914A7EC45A0026A12D2 /* DonationView.swift */,
			);
			path = NewGarbage;
			sourceTree = "<group>";
		};
		B9280A594BFB797528A054FB /* Preview Content */ = {
			isa = PBXGroup;
			children = (
				B92807D9F1DFC91FC4107473 /* Preview Assets.xcassets */,
			);
			path = "Preview Content";
			sourceTree = "<group>";
		};
		B9280A7A4C0B30ACCEFA2FFB /* Services */ = {
			isa = PBXGroup;
			children = (
				B92807D041F4DB1B078ABF52 /* AuthService.swift */,
				B9280250ED6A531E8AE7234F /* UserDefaults.swift */,
				AC5CBAC82B1338BA008CF7B0 /* BackendService.swift */,
			);
			path = Services;
			sourceTree = "<group>";
		};
		B9280A8F2A7D855FFA8E97D4 /* CleanUpFlow */ = {
			isa = PBXGroup;
			children = (
				B9280D553FE2A6B0D4CCDEBF /* PickUpGarbageView.swift */,
				B9280A2488116BFB1DBB9AA7 /* GarbageDetails.swift */,
				B9280C0A1ED174034AFDA662 /* PickUpCompleteView.swift */,
			);
			path = CleanUpFlow;
			sourceTree = "<group>";
		};
		B9280ABBBBB5481C5789F58A /* UserProfileFlow */ = {
			isa = PBXGroup;
			children = (
				B9280C16B8D8E56AEB31E06C /* ChartsView.swift */,
				B9280A7146370E459B3FEB02 /* ProfileView.swift */,
				C9DE57EE2B12B6F400D17198 /* BalanceAmountView.swift */,
				B92803493A48B451F9EC5729 /* NftCollectionView.swift */,
			);
			path = UserProfileFlow;
			sourceTree = "<group>";
		};
		B9280B6199879ECA6821BFDB /* TrashListFlow */ = {
			isa = PBXGroup;
			children = (
				B928028038DB054A36234405 /* TrashListView.swift */,
				C9C7DD022B134139005ADC34 /* TrashListDetails.swift */,
			);
			path = TrashListFlow;
			sourceTree = "<group>";
		};
		B9280BA1FB7B1519F8B7F4BC /* Models */ = {
			isa = PBXGroup;
			children = (
				B92800CE2887044763913A0A /* Place.swift */,
				B9280933602425E59B195E32 /* AppState.swift */,
				B92807FEC341D34AF57C69AA /* OnboardingData.swift */,
				B447F8B92B12805300B62010 /* LocationService.swift */,
				B9280EE8AF43D31AA6AF9925 /* Colors.swift */,
				B92801D2765D2ADADC09AB50 /* Fonts.swift */,
				C9DE57F02B12B74200D17198 /* BalanceModel.swift */,
				AC398E5C2B131EFC00555BA2 /* Account.swift */,
				AC398E5E2B13215000555BA2 /* Translactionable.swift */,
				AC398E602B13218000555BA2 /* Nft.swift */,
				AC398E622B1321BF00555BA2 /* Tag.swift */,
				AC398E642B13224800555BA2 /* Challenge.swift */,
				B9280D1D1916ADC5BAEDEFF3 /* NftAsset.swift */,
				B928054288436FF0CF625D4E /* TrashListItem.swift */,
			);
			path = Models;
			sourceTree = "<group>";
		};
/* End PBXGroup section */

/* Begin PBXNativeTarget section */
		B9280C88CF85BCB2FFB224A0 /* clientApp */ = {
			isa = PBXNativeTarget;
			buildConfigurationList = B928088D77F3138855F5E1FF /* Build configuration list for PBXNativeTarget "clientApp" */;
			buildPhases = (
				B9280ED29953761F9E1C6172 /* Sources */,
				B928089EC2153B138E1C16F5 /* Frameworks */,
				B92805E4E2524246E8683AC4 /* Resources */,
			);
			buildRules = (
			);
			dependencies = (
			);
			name = clientApp;
			packageProductDependencies = (
				C938886F2B11EC0600297C7B /* GoogleSignIn */,
				C93888712B11EC0600297C7B /* GoogleSignInSwift */,
				C92DD0C92B1283BF002C242B /* SwiftUICharts */,
			);
			productName = clientApp;
			productReference = B928006F3840A08F16E994EC /* clientApp.app */;
			productType = "com.apple.product-type.application";
		};
/* End PBXNativeTarget section */

/* Begin PBXProject section */
		B92803B02A54A11E9C8F885B /* Project object */ = {
			isa = PBXProject;
			attributes = {
			};
			buildConfigurationList = B9280351DBED2E8F96184477 /* Build configuration list for PBXProject "clientApp" */;
			compatibilityVersion = "Xcode 3.2";
			developmentRegion = English;
			hasScannedForEncodings = 0;
			knownRegions = (
				English,
				en,
			);
			mainGroup = B9280978122487EA6E56E2C8;
			packageReferences = (
				C938886E2B11EC0600297C7B /* XCRemoteSwiftPackageReference "GoogleSignIn-iOS" */,
				C92DD0C82B1283BF002C242B /* XCRemoteSwiftPackageReference "ChartView" */,
			);
			productRefGroup = B92800737F0E276FCE6AA193 /* Products */;
			projectDirPath = "";
			projectRoot = "";
			targets = (
				B9280C88CF85BCB2FFB224A0 /* clientApp */,
			);
		};
/* End PBXProject section */

/* Begin PBXResourcesBuildPhase section */
		B92805E4E2524246E8683AC4 /* Resources */ = {
			isa = PBXResourcesBuildPhase;
			buildActionMask = 2147483647;
			files = (
				B447F8BE2B128D0E00B62010 /* Alata-Regular.ttf in Resources */,
				B447F8C42B12968100B62010 /* Khula-Light.ttf in Resources */,
				B447F8C72B12968100B62010 /* Khula-ExtraBold.ttf in Resources */,
				B447F8C52B12968100B62010 /* Khula-Regular.ttf in Resources */,
				B447F8C62B12968100B62010 /* Khula-SemiBold.ttf in Resources */,
				B447F8C82B12968100B62010 /* Khula-Bold.ttf in Resources */,
				B928091906FE8819DE3A9DEB /* Assets.xcassets in Resources */,
				B9280245EF53C17A8BE2B69B /* Preview Assets.xcassets in Resources */,
			);
			runOnlyForDeploymentPostprocessing = 0;
		};
/* End PBXResourcesBuildPhase section */

/* Begin PBXSourcesBuildPhase section */
		B9280ED29953761F9E1C6172 /* Sources */ = {
			isa = PBXSourcesBuildPhase;
			buildActionMask = 2147483647;
			files = (
				B928002D6C1116337815165F /* clientAppApp.swift in Sources */,
				B9280702288E030A226F756F /* AuthService.swift in Sources */,
				AC398E612B13218000555BA2 /* Nft.swift in Sources */,
				B928045C9E340B4630E834D4 /* Place.swift in Sources */,
				B92804B062B0C1FBA02844A0 /* AppState.swift in Sources */,
				C9DE57F12B12B74200D17198 /* BalanceModel.swift in Sources */,
				B928067C69B44EA1ECEEDE43 /* OnboardingData.swift in Sources */,
				AC5CBAC92B1338BA008CF7B0 /* BackendService.swift in Sources */,
				AC398E5F2B13215000555BA2 /* Translactionable.swift in Sources */,
				B92800EB6C85586D48065928 /* PickUpGarbageView.swift in Sources */,
				AC398E652B13224800555BA2 /* Challenge.swift in Sources */,
				C9C7DD032B134139005ADC34 /* TrashListDetails.swift in Sources */,
				B447F8BA2B12805300B62010 /* LocationService.swift in Sources */,
				B9280E318837F2729CA791B4 /* GarbageDetails.swift in Sources */,
				AC398E632B1321BF00555BA2 /* Tag.swift in Sources */,
				B9280EF949DFC42D6C940BF6 /* OnboardingView.swift in Sources */,
				B9280F524033A56CDA4E5294 /* LoginView.swift in Sources */,
				B9280DB2E4F595E5D5286095 /* MainView.swift in Sources */,
				B92802DDFB27742A2DBD1124 /* HeaderView.swift in Sources */,
				B9280B5D16BAE7CFDDCDFFDA /* MapView.swift in Sources */,
				B92806C0BA507BEC87094404 /* ImagePickingView.swift in Sources */,
				B9280B2B6F3DE2B8A7277801 /* PickUpCompleteView.swift in Sources */,
				B9280CC5BD04F2D043F7EC23 /* UserDefaults.swift in Sources */,
				B9280D755092347F8E00E991 /* ChartsView.swift in Sources */,
				B9280FAEF19072C529DA2A79 /* ProfileView.swift in Sources */,
				AC398E5D2B131EFC00555BA2 /* Account.swift in Sources */,
				B9280ACD5A8D9415E3D02911 /* Colors.swift in Sources */,
				C9DE57EF2B12B6F400D17198 /* BalanceAmountView.swift in Sources */,
				B9280CA96C6D75AE0769FB50 /* Fonts.swift in Sources */,
				B9280D3CF23B0B537A96CF71 /* CreateGarbageTagView.swift in Sources */,
				B928060E5155EDF13D5F1962 /* TabBarView.swift in Sources */,
				B92803F51272F83B70EDA8B9 /* RouterView.swift in Sources */,
				B92807FD2A5B5EFF3BA3E10F /* Router.swift in Sources */,
				B9280A7A680695B51AFC4527 /* NftCollectionView.swift in Sources */,
				B92801DCF7169EA3D681388C /* NftAsset.swift in Sources */,
				B92803FFF3AD696D7783D3BF /* TrashListView.swift in Sources */,
				B9280B30B8D2949BA11B4D47 /* TrashListItem.swift in Sources */,
				B9280D94206EA75615751E00 /* DonationView.swift in Sources */,
			);
			runOnlyForDeploymentPostprocessing = 0;
		};
/* End PBXSourcesBuildPhase section */

/* Begin XCBuildConfiguration section */
		B92800982743F26785750704 /* Debug */ = {
			isa = XCBuildConfiguration;
			buildSettings = {
				ALWAYS_SEARCH_USER_PATHS = NO;
				ASSETCATALOG_COMPILER_GENERATE_SWIFT_ASSET_SYMBOL_EXTENSIONS = YES;
				CLANG_ANALYZER_NONNULL = YES;
				CLANG_ANALYZER_NUMBER_OBJECT_CONVERSION = YES_AGGRESSIVE;
				CLANG_CXX_LANGUAGE_STANDARD = "gnu++20";
				CLANG_ENABLE_MODULES = YES;
				CLANG_ENABLE_OBJC_ARC = YES;
				CLANG_ENABLE_OBJC_WEAK = YES;
				CLANG_WARN_BLOCK_CAPTURE_AUTORELEASING = YES;
				CLANG_WARN_BOOL_CONVERSION = YES;
				CLANG_WARN_COMMA = YES;
				CLANG_WARN_CONSTANT_CONVERSION = YES;
				CLANG_WARN_DEPRECATED_OBJC_IMPLEMENTATIONS = YES;
				CLANG_WARN_DIRECT_OBJC_ISA_USAGE = YES_ERROR;
				CLANG_WARN_DOCUMENTATION_COMMENTS = YES;
				CLANG_WARN_EMPTY_BODY = YES;
				CLANG_WARN_ENUM_CONVERSION = YES;
				CLANG_WARN_INFINITE_RECURSION = YES;
				CLANG_WARN_INT_CONVERSION = YES;
				CLANG_WARN_NON_LITERAL_NULL_CONVERSION = YES;
				CLANG_WARN_OBJC_IMPLICIT_RETAIN_SELF = YES;
				CLANG_WARN_OBJC_LITERAL_CONVERSION = YES;
				CLANG_WARN_OBJC_ROOT_CLASS = YES_ERROR;
				CLANG_WARN_QUOTED_INCLUDE_IN_FRAMEWORK_HEADER = YES;
				CLANG_WARN_RANGE_LOOP_ANALYSIS = YES;
				CLANG_WARN_STRICT_PROTOTYPES = YES;
				CLANG_WARN_SUSPICIOUS_MOVE = YES;
				CLANG_WARN_UNGUARDED_AVAILABILITY = YES_AGGRESSIVE;
				CLANG_WARN_UNREACHABLE_CODE = YES;
				CLANG_WARN__DUPLICATE_METHOD_MATCH = YES;
				COPY_PHASE_STRIP = NO;
				DEBUG_INFORMATION_FORMAT = dwarf;
				ENABLE_STRICT_OBJC_MSGSEND = YES;
				ENABLE_TESTABILITY = YES;
				ENABLE_USER_SCRIPT_SANDBOXING = YES;
				GCC_C_LANGUAGE_STANDARD = gnu17;
				GCC_DYNAMIC_NO_PIC = NO;
				GCC_NO_COMMON_BLOCKS = YES;
				GCC_OPTIMIZATION_LEVEL = 0;
				GCC_PREPROCESSOR_DEFINITIONS = (
					"DEBUG=1",
					"$(inherited)",
				);
				GCC_WARN_64_TO_32_BIT_CONVERSION = YES;
				GCC_WARN_ABOUT_RETURN_TYPE = YES_ERROR;
				GCC_WARN_UNDECLARED_SELECTOR = YES;
				GCC_WARN_UNINITIALIZED_AUTOS = YES_AGGRESSIVE;
				GCC_WARN_UNUSED_FUNCTION = YES;
				GCC_WARN_UNUSED_VARIABLE = YES;
				IPHONEOS_DEPLOYMENT_TARGET = 17.0;
				LOCALIZATION_PREFERS_STRING_CATALOGS = YES;
				MTL_ENABLE_DEBUG_INFO = INCLUDE_SOURCE;
				MTL_FAST_MATH = YES;
				ONLY_ACTIVE_ARCH = YES;
				SDKROOT = iphoneos;
				SWIFT_ACTIVE_COMPILATION_CONDITIONS = "DEBUG $(inherited)";
				SWIFT_OPTIMIZATION_LEVEL = "-Onone";
			};
			name = Debug;
		};
		B92800B18A31999F6D71AAD8 /* Debug */ = {
			isa = XCBuildConfiguration;
			buildSettings = {
				ASSETCATALOG_COMPILER_APPICON_NAME = AppIcon;
				ASSETCATALOG_COMPILER_GLOBAL_ACCENT_COLOR_NAME = AccentColor;
				CURRENT_PROJECT_VERSION = 1;
				DEVELOPMENT_ASSET_PATHS = "\"clientApp/Preview Content\"";
				DEVELOPMENT_TEAM = R936XH3P29;
				ENABLE_PREVIEWS = YES;
				GENERATE_INFOPLIST_FILE = YES;
				INFOPLIST_FILE = clientApp/Info.plist;
				INFOPLIST_KEY_NSCameraUsageDescription = "This app requires access to the camera to take photos.";
				INFOPLIST_KEY_NSLocationAlwaysAndWhenInUseUsageDescription = "This app requires access to the location to find near places";
				INFOPLIST_KEY_UIApplicationSceneManifest_Generation = YES;
				INFOPLIST_KEY_UIApplicationSupportsIndirectInputEvents = YES;
				INFOPLIST_KEY_UILaunchScreen_Generation = YES;
				INFOPLIST_KEY_UISupportedInterfaceOrientations_iPad = "UIInterfaceOrientationPortrait UIInterfaceOrientationPortraitUpsideDown UIInterfaceOrientationLandscapeLeft UIInterfaceOrientationLandscapeRight";
				INFOPLIST_KEY_UISupportedInterfaceOrientations_iPhone = "UIInterfaceOrientationPortrait UIInterfaceOrientationLandscapeLeft UIInterfaceOrientationLandscapeRight";
				LD_RUNPATH_SEARCH_PATHS = (
					"$(inherited)",
					"@executable_path/Frameworks",
				);
				MARKETING_VERSION = 1.0;
				PRODUCT_BUNDLE_IDENTIFIER = com.trashPalm.clientApp;
				PRODUCT_NAME = "$(TARGET_NAME)";
				SWIFT_EMIT_LOC_STRINGS = YES;
				SWIFT_VERSION = 5.0;
				TARGETED_DEVICE_FAMILY = "1,2";
			};
			name = Debug;
		};
		B9280429B04BF151E888F0F9 /* Release */ = {
			isa = XCBuildConfiguration;
			buildSettings = {
				ASSETCATALOG_COMPILER_APPICON_NAME = AppIcon;
				ASSETCATALOG_COMPILER_GLOBAL_ACCENT_COLOR_NAME = AccentColor;
				CURRENT_PROJECT_VERSION = 1;
				DEVELOPMENT_ASSET_PATHS = "\"clientApp/Preview Content\"";
				DEVELOPMENT_TEAM = R936XH3P29;
				ENABLE_PREVIEWS = YES;
				GENERATE_INFOPLIST_FILE = YES;
				INFOPLIST_FILE = clientApp/Info.plist;
				INFOPLIST_KEY_NSCameraUsageDescription = "This app requires access to the camera to take photos.";
				INFOPLIST_KEY_NSLocationAlwaysAndWhenInUseUsageDescription = "This app requires access to the location to find near places";
				INFOPLIST_KEY_UIApplicationSceneManifest_Generation = YES;
				INFOPLIST_KEY_UIApplicationSupportsIndirectInputEvents = YES;
				INFOPLIST_KEY_UILaunchScreen_Generation = YES;
				INFOPLIST_KEY_UISupportedInterfaceOrientations_iPad = "UIInterfaceOrientationPortrait UIInterfaceOrientationPortraitUpsideDown UIInterfaceOrientationLandscapeLeft UIInterfaceOrientationLandscapeRight";
				INFOPLIST_KEY_UISupportedInterfaceOrientations_iPhone = "UIInterfaceOrientationPortrait UIInterfaceOrientationLandscapeLeft UIInterfaceOrientationLandscapeRight";
				LD_RUNPATH_SEARCH_PATHS = (
					"$(inherited)",
					"@executable_path/Frameworks",
				);
				MARKETING_VERSION = 1.0;
				PRODUCT_BUNDLE_IDENTIFIER = com.trashPalm.clientApp;
				PRODUCT_NAME = "$(TARGET_NAME)";
				SWIFT_EMIT_LOC_STRINGS = YES;
				SWIFT_VERSION = 5.0;
				TARGETED_DEVICE_FAMILY = "1,2";
			};
			name = Release;
		};
		B9280F55BE9809AEA770D1D3 /* Release */ = {
			isa = XCBuildConfiguration;
			buildSettings = {
				ALWAYS_SEARCH_USER_PATHS = NO;
				ASSETCATALOG_COMPILER_GENERATE_SWIFT_ASSET_SYMBOL_EXTENSIONS = YES;
				CLANG_ANALYZER_NONNULL = YES;
				CLANG_ANALYZER_NUMBER_OBJECT_CONVERSION = YES_AGGRESSIVE;
				CLANG_CXX_LANGUAGE_STANDARD = "gnu++20";
				CLANG_ENABLE_MODULES = YES;
				CLANG_ENABLE_OBJC_ARC = YES;
				CLANG_ENABLE_OBJC_WEAK = YES;
				CLANG_WARN_BLOCK_CAPTURE_AUTORELEASING = YES;
				CLANG_WARN_BOOL_CONVERSION = YES;
				CLANG_WARN_COMMA = YES;
				CLANG_WARN_CONSTANT_CONVERSION = YES;
				CLANG_WARN_DEPRECATED_OBJC_IMPLEMENTATIONS = YES;
				CLANG_WARN_DIRECT_OBJC_ISA_USAGE = YES_ERROR;
				CLANG_WARN_DOCUMENTATION_COMMENTS = YES;
				CLANG_WARN_EMPTY_BODY = YES;
				CLANG_WARN_ENUM_CONVERSION = YES;
				CLANG_WARN_INFINITE_RECURSION = YES;
				CLANG_WARN_INT_CONVERSION = YES;
				CLANG_WARN_NON_LITERAL_NULL_CONVERSION = YES;
				CLANG_WARN_OBJC_IMPLICIT_RETAIN_SELF = YES;
				CLANG_WARN_OBJC_LITERAL_CONVERSION = YES;
				CLANG_WARN_OBJC_ROOT_CLASS = YES_ERROR;
				CLANG_WARN_QUOTED_INCLUDE_IN_FRAMEWORK_HEADER = YES;
				CLANG_WARN_RANGE_LOOP_ANALYSIS = YES;
				CLANG_WARN_STRICT_PROTOTYPES = YES;
				CLANG_WARN_SUSPICIOUS_MOVE = YES;
				CLANG_WARN_UNGUARDED_AVAILABILITY = YES_AGGRESSIVE;
				CLANG_WARN_UNREACHABLE_CODE = YES;
				CLANG_WARN__DUPLICATE_METHOD_MATCH = YES;
				COPY_PHASE_STRIP = NO;
				DEBUG_INFORMATION_FORMAT = "dwarf-with-dsym";
				ENABLE_NS_ASSERTIONS = NO;
				ENABLE_STRICT_OBJC_MSGSEND = YES;
				ENABLE_USER_SCRIPT_SANDBOXING = YES;
				GCC_C_LANGUAGE_STANDARD = gnu17;
				GCC_NO_COMMON_BLOCKS = YES;
				GCC_WARN_64_TO_32_BIT_CONVERSION = YES;
				GCC_WARN_ABOUT_RETURN_TYPE = YES_ERROR;
				GCC_WARN_UNDECLARED_SELECTOR = YES;
				GCC_WARN_UNINITIALIZED_AUTOS = YES_AGGRESSIVE;
				GCC_WARN_UNUSED_FUNCTION = YES;
				GCC_WARN_UNUSED_VARIABLE = YES;
				IPHONEOS_DEPLOYMENT_TARGET = 17.0;
				LOCALIZATION_PREFERS_STRING_CATALOGS = YES;
				MTL_ENABLE_DEBUG_INFO = NO;
				MTL_FAST_MATH = YES;
				SDKROOT = iphoneos;
				SWIFT_COMPILATION_MODE = wholemodule;
				VALIDATE_PRODUCT = YES;
			};
			name = Release;
		};
/* End XCBuildConfiguration section */

/* Begin XCConfigurationList section */
		B9280351DBED2E8F96184477 /* Build configuration list for PBXProject "clientApp" */ = {
			isa = XCConfigurationList;
			buildConfigurations = (
				B92800982743F26785750704 /* Debug */,
				B9280F55BE9809AEA770D1D3 /* Release */,
			);
			defaultConfigurationIsVisible = 0;
			defaultConfigurationName = Release;
		};
		B928088D77F3138855F5E1FF /* Build configuration list for PBXNativeTarget "clientApp" */ = {
			isa = XCConfigurationList;
			buildConfigurations = (
				B92800B18A31999F6D71AAD8 /* Debug */,
				B9280429B04BF151E888F0F9 /* Release */,
			);
			defaultConfigurationIsVisible = 0;
			defaultConfigurationName = Release;
		};
/* End XCConfigurationList section */

/* Begin XCRemoteSwiftPackageReference section */
		C92DD0C82B1283BF002C242B /* XCRemoteSwiftPackageReference "ChartView" */ = {
			isa = XCRemoteSwiftPackageReference;
			repositoryURL = "https://github.com/AppPear/ChartView";
			requirement = {
				kind = upToNextMajorVersion;
				minimumVersion = 1.5.5;
			};
		};
		C938886E2B11EC0600297C7B /* XCRemoteSwiftPackageReference "GoogleSignIn-iOS" */ = {
			isa = XCRemoteSwiftPackageReference;
			repositoryURL = "https://github.com/google/GoogleSignIn-iOS.git";
			requirement = {
				kind = upToNextMajorVersion;
				minimumVersion = 7.0.0;
			};
		};
/* End XCRemoteSwiftPackageReference section */

/* Begin XCSwiftPackageProductDependency section */
		C92DD0C92B1283BF002C242B /* SwiftUICharts */ = {
			isa = XCSwiftPackageProductDependency;
			package = C92DD0C82B1283BF002C242B /* XCRemoteSwiftPackageReference "ChartView" */;
			productName = SwiftUICharts;
		};
		C938886F2B11EC0600297C7B /* GoogleSignIn */ = {
			isa = XCSwiftPackageProductDependency;
			package = C938886E2B11EC0600297C7B /* XCRemoteSwiftPackageReference "GoogleSignIn-iOS" */;
			productName = GoogleSignIn;
		};
		C93888712B11EC0600297C7B /* GoogleSignInSwift */ = {
			isa = XCSwiftPackageProductDependency;
			package = C938886E2B11EC0600297C7B /* XCRemoteSwiftPackageReference "GoogleSignIn-iOS" */;
			productName = GoogleSignInSwift;
		};
/* End XCSwiftPackageProductDependency section */
	};
	rootObject = B92803B02A54A11E9C8F885B /* Project object */;
}
