// !$*UTF8*$!
{
	archiveVersion = 1;
	classes = {
	};
	objectVersion = 54;
	objects = {

/* Begin PBXBuildFile section */
		B928002D6C1116337815165F /* clientAppApp.swift in Sources */ = {isa = PBXBuildFile; fileRef = B9280136E2681A2DEF4B1F8B /* clientAppApp.swift */; };
		B928018911D75C0F4F21412C /* PlaceDetailsView.swift in Sources */ = {isa = PBXBuildFile; fileRef = B92800595932DD4F0C869294 /* PlaceDetailsView.swift */; };
		B9280245EF53C17A8BE2B69B /* Preview Assets.xcassets in Resources */ = {isa = PBXBuildFile; fileRef = B92807D9F1DFC91FC4107473 /* Preview Assets.xcassets */; };
		B928038FB4F983DF01EB59F1 /* TabBarView.swift in Sources */ = {isa = PBXBuildFile; fileRef = B9280CDF77A368909916DCA1 /* TabBarView.swift */; };
		B928045C9E340B4630E834D4 /* Place.swift in Sources */ = {isa = PBXBuildFile; fileRef = B92800CE2887044763913A0A /* Place.swift */; };
		B9280702288E030A226F756F /* UserAuthModel.swift in Sources */ = {isa = PBXBuildFile; fileRef = B92807D041F4DB1B078ABF52 /* UserAuthModel.swift */; };
		B928091906FE8819DE3A9DEB /* Assets.xcassets in Resources */ = {isa = PBXBuildFile; fileRef = B92803A0C4D38EE9CEFD1816 /* Assets.xcassets */; };
		B9280AAF81DE8751F39F69FF /* MainView.swift in Sources */ = {isa = PBXBuildFile; fileRef = B9280E5FCEC9EB09AC74FEC6 /* MainView.swift */; };
		B9280CCE15D20FA7193096DC /* LoginView.swift in Sources */ = {isa = PBXBuildFile; fileRef = B92808BDE6447CB8BA438914 /* LoginView.swift */; };
		B9280FDA6377DCB743B44A40 /* MapView.swift in Sources */ = {isa = PBXBuildFile; fileRef = B9280B545C5C2D253CFA41DA /* MapView.swift */; };
		C93888702B11EC0600297C7B /* GoogleSignIn in Frameworks */ = {isa = PBXBuildFile; productRef = C938886F2B11EC0600297C7B /* GoogleSignIn */; };
		C93888722B11EC0600297C7B /* GoogleSignInSwift in Frameworks */ = {isa = PBXBuildFile; productRef = C93888712B11EC0600297C7B /* GoogleSignInSwift */; };
/* End PBXBuildFile section */

/* Begin PBXFileReference section */
		B92800595932DD4F0C869294 /* PlaceDetailsView.swift */ = {isa = PBXFileReference; fileEncoding = 4; lastKnownFileType = sourcecode.swift; path = PlaceDetailsView.swift; sourceTree = "<group>"; };
		B928006F3840A08F16E994EC /* clientApp.app */ = {isa = PBXFileReference; explicitFileType = wrapper.application; includeInIndex = 0; path = clientApp.app; sourceTree = BUILT_PRODUCTS_DIR; };
		B92800CE2887044763913A0A /* Place.swift */ = {isa = PBXFileReference; fileEncoding = 4; lastKnownFileType = sourcecode.swift; path = Place.swift; sourceTree = "<group>"; };
		B9280136E2681A2DEF4B1F8B /* clientAppApp.swift */ = {isa = PBXFileReference; lastKnownFileType = sourcecode.swift; path = clientAppApp.swift; sourceTree = "<group>"; };
		B92803A0C4D38EE9CEFD1816 /* Assets.xcassets */ = {isa = PBXFileReference; lastKnownFileType = folder.assetcatalog; path = Assets.xcassets; sourceTree = "<group>"; };
		B92807D041F4DB1B078ABF52 /* UserAuthModel.swift */ = {isa = PBXFileReference; fileEncoding = 4; lastKnownFileType = sourcecode.swift; path = UserAuthModel.swift; sourceTree = "<group>"; };
		B92807D9F1DFC91FC4107473 /* Preview Assets.xcassets */ = {isa = PBXFileReference; lastKnownFileType = folder.assetcatalog; path = "Preview Assets.xcassets"; sourceTree = "<group>"; };
		B92808BDE6447CB8BA438914 /* LoginView.swift */ = {isa = PBXFileReference; fileEncoding = 4; lastKnownFileType = sourcecode.swift; path = LoginView.swift; sourceTree = "<group>"; };
		B9280B545C5C2D253CFA41DA /* MapView.swift */ = {isa = PBXFileReference; fileEncoding = 4; lastKnownFileType = sourcecode.swift; path = MapView.swift; sourceTree = "<group>"; };
		B9280CDF77A368909916DCA1 /* TabBarView.swift */ = {isa = PBXFileReference; fileEncoding = 4; lastKnownFileType = sourcecode.swift; path = TabBarView.swift; sourceTree = "<group>"; };
		B9280E5FCEC9EB09AC74FEC6 /* MainView.swift */ = {isa = PBXFileReference; fileEncoding = 4; lastKnownFileType = sourcecode.swift; path = MainView.swift; sourceTree = "<group>"; };
		C938886D2B11EBC600297C7B /* Info.plist */ = {isa = PBXFileReference; lastKnownFileType = text.plist; path = Info.plist; sourceTree = "<group>"; };
/* End PBXFileReference section */

/* Begin PBXFrameworksBuildPhase section */
		B928089EC2153B138E1C16F5 /* Frameworks */ = {
			isa = PBXFrameworksBuildPhase;
			buildActionMask = 2147483647;
			files = (
				C93888702B11EC0600297C7B /* GoogleSignIn in Frameworks */,
				C93888722B11EC0600297C7B /* GoogleSignInSwift in Frameworks */,
			);
			runOnlyForDeploymentPostprocessing = 0;
		};
/* End PBXFrameworksBuildPhase section */

/* Begin PBXGroup section */
		B92800737F0E276FCE6AA193 /* Products */ = {
			isa = PBXGroup;
			children = (
				B928006F3840A08F16E994EC /* clientApp.app */,
			);
			name = Products;
			sourceTree = "<group>";
		};
		B9280160AB43B27AA78D0DBD /* UserStory */ = {
			isa = PBXGroup;
			children = (
				B9280E5FCEC9EB09AC74FEC6 /* MainView.swift */,
				B92808BDE6447CB8BA438914 /* LoginView.swift */,
				B9280CDF77A368909916DCA1 /* TabBarView.swift */,
				B9280B545C5C2D253CFA41DA /* MapView.swift */,
				B92800595932DD4F0C869294 /* PlaceDetailsView.swift */,
			);
			path = UserStory;
			sourceTree = "<group>";
		};
		B9280351845FBE6166A4A5BA /* clientApp */ = {
			isa = PBXGroup;
			children = (
				C938886D2B11EBC600297C7B /* Info.plist */,
				B92803A0C4D38EE9CEFD1816 /* Assets.xcassets */,
				B9280A594BFB797528A054FB /* Preview Content */,
				B9280136E2681A2DEF4B1F8B /* clientAppApp.swift */,
				B9280160AB43B27AA78D0DBD /* UserStory */,
				B9280A7A4C0B30ACCEFA2FFB /* Services */,
				B9280BA1FB7B1519F8B7F4BC /* Models */,
			);
			path = clientApp;
			sourceTree = "<group>";
		};
		B9280978122487EA6E56E2C8 = {
			isa = PBXGroup;
			children = (
				B92800737F0E276FCE6AA193 /* Products */,
				B9280351845FBE6166A4A5BA /* clientApp */,
			);
			sourceTree = "<group>";
		};
		B9280A594BFB797528A054FB /* Preview Content */ = {
			isa = PBXGroup;
			children = (
				B92807D9F1DFC91FC4107473 /* Preview Assets.xcassets */,
			);
			path = "Preview Content";
			sourceTree = "<group>";
		};
		B9280A7A4C0B30ACCEFA2FFB /* Services */ = {
			isa = PBXGroup;
			children = (
				B92807D041F4DB1B078ABF52 /* UserAuthModel.swift */,
			);
			path = Services;
			sourceTree = "<group>";
		};
		B9280BA1FB7B1519F8B7F4BC /* Models */ = {
			isa = PBXGroup;
			children = (
				B92800CE2887044763913A0A /* Place.swift */,
			);
			path = Models;
			sourceTree = "<group>";
		};
/* End PBXGroup section */

/* Begin PBXNativeTarget section */
		B9280C88CF85BCB2FFB224A0 /* clientApp */ = {
			isa = PBXNativeTarget;
			buildConfigurationList = B928088D77F3138855F5E1FF /* Build configuration list for PBXNativeTarget "clientApp" */;
			buildPhases = (
				B9280ED29953761F9E1C6172 /* Sources */,
				B928089EC2153B138E1C16F5 /* Frameworks */,
				B92805E4E2524246E8683AC4 /* Resources */,
			);
			buildRules = (
			);
			dependencies = (
			);
			name = clientApp;
			packageProductDependencies = (
				C938886F2B11EC0600297C7B /* GoogleSignIn */,
				C93888712B11EC0600297C7B /* GoogleSignInSwift */,
			);
			productName = clientApp;
			productReference = B928006F3840A08F16E994EC /* clientApp.app */;
			productType = "com.apple.product-type.application";
		};
/* End PBXNativeTarget section */

/* Begin PBXProject section */
		B92803B02A54A11E9C8F885B /* Project object */ = {
			isa = PBXProject;
			attributes = {
			};
			buildConfigurationList = B9280351DBED2E8F96184477 /* Build configuration list for PBXProject "clientApp" */;
			compatibilityVersion = "Xcode 3.2";
			developmentRegion = English;
			hasScannedForEncodings = 0;
			knownRegions = (
				English,
				en,
			);
			mainGroup = B9280978122487EA6E56E2C8;
			packageReferences = (
				C938886E2B11EC0600297C7B /* XCRemoteSwiftPackageReference "GoogleSignIn-iOS" */,
			);
			productRefGroup = B92800737F0E276FCE6AA193 /* Products */;
			projectDirPath = "";
			projectRoot = "";
			targets = (
				B9280C88CF85BCB2FFB224A0 /* clientApp */,
			);
		};
/* End PBXProject section */

/* Begin PBXResourcesBuildPhase section */
		B92805E4E2524246E8683AC4 /* Resources */ = {
			isa = PBXResourcesBuildPhase;
			buildActionMask = 2147483647;
			files = (
				B928091906FE8819DE3A9DEB /* Assets.xcassets in Resources */,
				B9280245EF53C17A8BE2B69B /* Preview Assets.xcassets in Resources */,
			);
			runOnlyForDeploymentPostprocessing = 0;
		};
/* End PBXResourcesBuildPhase section */

/* Begin PBXSourcesBuildPhase section */
		B9280ED29953761F9E1C6172 /* Sources */ = {
			isa = PBXSourcesBuildPhase;
			buildActionMask = 2147483647;
			files = (
				B928002D6C1116337815165F /* clientAppApp.swift in Sources */,
				B9280AAF81DE8751F39F69FF /* MainView.swift in Sources */,
				B9280702288E030A226F756F /* UserAuthModel.swift in Sources */,
				B9280CCE15D20FA7193096DC /* LoginView.swift in Sources */,
				B928038FB4F983DF01EB59F1 /* TabBarView.swift in Sources */,
				B9280FDA6377DCB743B44A40 /* MapView.swift in Sources */,
				B928018911D75C0F4F21412C /* PlaceDetailsView.swift in Sources */,
				B928045C9E340B4630E834D4 /* Place.swift in Sources */,
			);
			runOnlyForDeploymentPostprocessing = 0;
		};
/* End PBXSourcesBuildPhase section */

/* Begin XCBuildConfiguration section */
		B92800982743F26785750704 /* Debug */ = {
			isa = XCBuildConfiguration;
			buildSettings = {
				ALWAYS_SEARCH_USER_PATHS = NO;
				ASSETCATALOG_COMPILER_GENERATE_SWIFT_ASSET_SYMBOL_EXTENSIONS = YES;
				CLANG_ANALYZER_NONNULL = YES;
				CLANG_ANALYZER_NUMBER_OBJECT_CONVERSION = YES_AGGRESSIVE;
				CLANG_CXX_LANGUAGE_STANDARD = "gnu++20";
				CLANG_ENABLE_MODULES = YES;
				CLANG_ENABLE_OBJC_ARC = YES;
				CLANG_ENABLE_OBJC_WEAK = YES;
				CLANG_WARN_BLOCK_CAPTURE_AUTORELEASING = YES;
				CLANG_WARN_BOOL_CONVERSION = YES;
				CLANG_WARN_COMMA = YES;
				CLANG_WARN_CONSTANT_CONVERSION = YES;
				CLANG_WARN_DEPRECATED_OBJC_IMPLEMENTATIONS = YES;
				CLANG_WARN_DIRECT_OBJC_ISA_USAGE = YES_ERROR;
				CLANG_WARN_DOCUMENTATION_COMMENTS = YES;
				CLANG_WARN_EMPTY_BODY = YES;
				CLANG_WARN_ENUM_CONVERSION = YES;
				CLANG_WARN_INFINITE_RECURSION = YES;
				CLANG_WARN_INT_CONVERSION = YES;
				CLANG_WARN_NON_LITERAL_NULL_CONVERSION = YES;
				CLANG_WARN_OBJC_IMPLICIT_RETAIN_SELF = YES;
				CLANG_WARN_OBJC_LITERAL_CONVERSION = YES;
				CLANG_WARN_OBJC_ROOT_CLASS = YES_ERROR;
				CLANG_WARN_QUOTED_INCLUDE_IN_FRAMEWORK_HEADER = YES;
				CLANG_WARN_RANGE_LOOP_ANALYSIS = YES;
				CLANG_WARN_STRICT_PROTOTYPES = YES;
				CLANG_WARN_SUSPICIOUS_MOVE = YES;
				CLANG_WARN_UNGUARDED_AVAILABILITY = YES_AGGRESSIVE;
				CLANG_WARN_UNREACHABLE_CODE = YES;
				CLANG_WARN__DUPLICATE_METHOD_MATCH = YES;
				COPY_PHASE_STRIP = NO;
				DEBUG_INFORMATION_FORMAT = dwarf;
				ENABLE_STRICT_OBJC_MSGSEND = YES;
				ENABLE_TESTABILITY = YES;
				ENABLE_USER_SCRIPT_SANDBOXING = YES;
				GCC_C_LANGUAGE_STANDARD = gnu17;
				GCC_DYNAMIC_NO_PIC = NO;
				GCC_NO_COMMON_BLOCKS = YES;
				GCC_OPTIMIZATION_LEVEL = 0;
				GCC_PREPROCESSOR_DEFINITIONS = (
					"DEBUG=1",
					"$(inherited)",
				);
				GCC_WARN_64_TO_32_BIT_CONVERSION = YES;
				GCC_WARN_ABOUT_RETURN_TYPE = YES_ERROR;
				GCC_WARN_UNDECLARED_SELECTOR = YES;
				GCC_WARN_UNINITIALIZED_AUTOS = YES_AGGRESSIVE;
				GCC_WARN_UNUSED_FUNCTION = YES;
				GCC_WARN_UNUSED_VARIABLE = YES;
				IPHONEOS_DEPLOYMENT_TARGET = 17.0;
				LOCALIZATION_PREFERS_STRING_CATALOGS = YES;
				MTL_ENABLE_DEBUG_INFO = INCLUDE_SOURCE;
				MTL_FAST_MATH = YES;
				ONLY_ACTIVE_ARCH = YES;
				SDKROOT = iphoneos;
				SWIFT_ACTIVE_COMPILATION_CONDITIONS = "DEBUG $(inherited)";
				SWIFT_OPTIMIZATION_LEVEL = "-Onone";
			};
			name = Debug;
		};
		B92800B18A31999F6D71AAD8 /* Debug */ = {
			isa = XCBuildConfiguration;
			buildSettings = {
				ASSETCATALOG_COMPILER_APPICON_NAME = AppIcon;
				ASSETCATALOG_COMPILER_GLOBAL_ACCENT_COLOR_NAME = AccentColor;
				CURRENT_PROJECT_VERSION = 1;
				DEVELOPMENT_ASSET_PATHS = "\"clientApp/Preview Content\"";
				ENABLE_PREVIEWS = YES;
				GENERATE_INFOPLIST_FILE = YES;
				INFOPLIST_FILE = clientApp/Info.plist;
				INFOPLIST_KEY_UIApplicationSceneManifest_Generation = YES;
				INFOPLIST_KEY_UIApplicationSupportsIndirectInputEvents = YES;
				INFOPLIST_KEY_UILaunchScreen_Generation = YES;
				INFOPLIST_KEY_UISupportedInterfaceOrientations_iPad = "UIInterfaceOrientationPortrait UIInterfaceOrientationPortraitUpsideDown UIInterfaceOrientationLandscapeLeft UIInterfaceOrientationLandscapeRight";
				INFOPLIST_KEY_UISupportedInterfaceOrientations_iPhone = "UIInterfaceOrientationPortrait UIInterfaceOrientationLandscapeLeft UIInterfaceOrientationLandscapeRight";
				LD_RUNPATH_SEARCH_PATHS = (
					"$(inherited)",
					"@executable_path/Frameworks",
				);
				MARKETING_VERSION = 1.0;
				PRODUCT_BUNDLE_IDENTIFIER = com.trashPalm.clientApp;
				PRODUCT_NAME = "$(TARGET_NAME)";
				SWIFT_EMIT_LOC_STRINGS = YES;
				SWIFT_VERSION = 5.0;
				TARGETED_DEVICE_FAMILY = "1,2";
			};
			name = Debug;
		};
		B9280429B04BF151E888F0F9 /* Release */ = {
			isa = XCBuildConfiguration;
			buildSettings = {
				ASSETCATALOG_COMPILER_APPICON_NAME = AppIcon;
				ASSETCATALOG_COMPILER_GLOBAL_ACCENT_COLOR_NAME = AccentColor;
				CURRENT_PROJECT_VERSION = 1;
				DEVELOPMENT_ASSET_PATHS = "\"clientApp/Preview Content\"";
				ENABLE_PREVIEWS = YES;
				GENERATE_INFOPLIST_FILE = YES;
				INFOPLIST_FILE = clientApp/Info.plist;
				INFOPLIST_KEY_UIApplicationSceneManifest_Generation = YES;
				INFOPLIST_KEY_UIApplicationSupportsIndirectInputEvents = YES;
				INFOPLIST_KEY_UILaunchScreen_Generation = YES;
				INFOPLIST_KEY_UISupportedInterfaceOrientations_iPad = "UIInterfaceOrientationPortrait UIInterfaceOrientationPortraitUpsideDown UIInterfaceOrientationLandscapeLeft UIInterfaceOrientationLandscapeRight";
				INFOPLIST_KEY_UISupportedInterfaceOrientations_iPhone = "UIInterfaceOrientationPortrait UIInterfaceOrientationLandscapeLeft UIInterfaceOrientationLandscapeRight";
				LD_RUNPATH_SEARCH_PATHS = (
					"$(inherited)",
					"@executable_path/Frameworks",
				);
				MARKETING_VERSION = 1.0;
				PRODUCT_BUNDLE_IDENTIFIER = com.trashPalm.clientApp;
				PRODUCT_NAME = "$(TARGET_NAME)";
				SWIFT_EMIT_LOC_STRINGS = YES;
				SWIFT_VERSION = 5.0;
				TARGETED_DEVICE_FAMILY = "1,2";
			};
			name = Release;
		};
		B9280F55BE9809AEA770D1D3 /* Release */ = {
			isa = XCBuildConfiguration;
			buildSettings = {
				ALWAYS_SEARCH_USER_PATHS = NO;
				ASSETCATALOG_COMPILER_GENERATE_SWIFT_ASSET_SYMBOL_EXTENSIONS = YES;
				CLANG_ANALYZER_NONNULL = YES;
				CLANG_ANALYZER_NUMBER_OBJECT_CONVERSION = YES_AGGRESSIVE;
				CLANG_CXX_LANGUAGE_STANDARD = "gnu++20";
				CLANG_ENABLE_MODULES = YES;
				CLANG_ENABLE_OBJC_ARC = YES;
				CLANG_ENABLE_OBJC_WEAK = YES;
				CLANG_WARN_BLOCK_CAPTURE_AUTORELEASING = YES;
				CLANG_WARN_BOOL_CONVERSION = YES;
				CLANG_WARN_COMMA = YES;
				CLANG_WARN_CONSTANT_CONVERSION = YES;
				CLANG_WARN_DEPRECATED_OBJC_IMPLEMENTATIONS = YES;
				CLANG_WARN_DIRECT_OBJC_ISA_USAGE = YES_ERROR;
				CLANG_WARN_DOCUMENTATION_COMMENTS = YES;
				CLANG_WARN_EMPTY_BODY = YES;
				CLANG_WARN_ENUM_CONVERSION = YES;
				CLANG_WARN_INFINITE_RECURSION = YES;
				CLANG_WARN_INT_CONVERSION = YES;
				CLANG_WARN_NON_LITERAL_NULL_CONVERSION = YES;
				CLANG_WARN_OBJC_IMPLICIT_RETAIN_SELF = YES;
				CLANG_WARN_OBJC_LITERAL_CONVERSION = YES;
				CLANG_WARN_OBJC_ROOT_CLASS = YES_ERROR;
				CLANG_WARN_QUOTED_INCLUDE_IN_FRAMEWORK_HEADER = YES;
				CLANG_WARN_RANGE_LOOP_ANALYSIS = YES;
				CLANG_WARN_STRICT_PROTOTYPES = YES;
				CLANG_WARN_SUSPICIOUS_MOVE = YES;
				CLANG_WARN_UNGUARDED_AVAILABILITY = YES_AGGRESSIVE;
				CLANG_WARN_UNREACHABLE_CODE = YES;
				CLANG_WARN__DUPLICATE_METHOD_MATCH = YES;
				COPY_PHASE_STRIP = NO;
				DEBUG_INFORMATION_FORMAT = "dwarf-with-dsym";
				ENABLE_NS_ASSERTIONS = NO;
				ENABLE_STRICT_OBJC_MSGSEND = YES;
				ENABLE_USER_SCRIPT_SANDBOXING = YES;
				GCC_C_LANGUAGE_STANDARD = gnu17;
				GCC_NO_COMMON_BLOCKS = YES;
				GCC_WARN_64_TO_32_BIT_CONVERSION = YES;
				GCC_WARN_ABOUT_RETURN_TYPE = YES_ERROR;
				GCC_WARN_UNDECLARED_SELECTOR = YES;
				GCC_WARN_UNINITIALIZED_AUTOS = YES_AGGRESSIVE;
				GCC_WARN_UNUSED_FUNCTION = YES;
				GCC_WARN_UNUSED_VARIABLE = YES;
				IPHONEOS_DEPLOYMENT_TARGET = 17.0;
				LOCALIZATION_PREFERS_STRING_CATALOGS = YES;
				MTL_ENABLE_DEBUG_INFO = NO;
				MTL_FAST_MATH = YES;
				SDKROOT = iphoneos;
				SWIFT_COMPILATION_MODE = wholemodule;
				VALIDATE_PRODUCT = YES;
			};
			name = Release;
		};
/* End XCBuildConfiguration section */

/* Begin XCConfigurationList section */
		B9280351DBED2E8F96184477 /* Build configuration list for PBXProject "clientApp" */ = {
			isa = XCConfigurationList;
			buildConfigurations = (
				B92800982743F26785750704 /* Debug */,
				B9280F55BE9809AEA770D1D3 /* Release */,
			);
			defaultConfigurationIsVisible = 0;
			defaultConfigurationName = Release;
		};
		B928088D77F3138855F5E1FF /* Build configuration list for PBXNativeTarget "clientApp" */ = {
			isa = XCConfigurationList;
			buildConfigurations = (
				B92800B18A31999F6D71AAD8 /* Debug */,
				B9280429B04BF151E888F0F9 /* Release */,
			);
			defaultConfigurationIsVisible = 0;
			defaultConfigurationName = Release;
		};
/* End XCConfigurationList section */

/* Begin XCRemoteSwiftPackageReference section */
		C938886E2B11EC0600297C7B /* XCRemoteSwiftPackageReference "GoogleSignIn-iOS" */ = {
			isa = XCRemoteSwiftPackageReference;
			repositoryURL = "https://github.com/google/GoogleSignIn-iOS.git";
			requirement = {
				kind = upToNextMajorVersion;
				minimumVersion = 7.0.0;
			};
		};
/* End XCRemoteSwiftPackageReference section */

/* Begin XCSwiftPackageProductDependency section */
		C938886F2B11EC0600297C7B /* GoogleSignIn */ = {
			isa = XCSwiftPackageProductDependency;
			package = C938886E2B11EC0600297C7B /* XCRemoteSwiftPackageReference "GoogleSignIn-iOS" */;
			productName = GoogleSignIn;
		};
		C93888712B11EC0600297C7B /* GoogleSignInSwift */ = {
			isa = XCSwiftPackageProductDependency;
			package = C938886E2B11EC0600297C7B /* XCRemoteSwiftPackageReference "GoogleSignIn-iOS" */;
			productName = GoogleSignInSwift;
		};
/* End XCSwiftPackageProductDependency section */
	};
	rootObject = B92803B02A54A11E9C8F885B /* Project object */;
}
